
Microsoft Visual Studio Solution File, Format Version 12.00
# Visual Studio 15
VisualStudioVersion = 15.0.28307.645
MinimumVisualStudioVersion = 10.0.40219.1
Project("{8BC9CEB8-8B4A-11D0-8D11-00A0C91BC942}") = "Frox", "Frox\Frox.vcxproj", "{CD1ABC27-E1F6-470E-B318-935864FE41C1}"
EndProject
Project("{8BC9CEB8-8B4A-11D0-8D11-00A0C91BC942}") = "FroxTest", "FroxTest\FroxTest.vcxproj", "{008400E6-CB9C-4B29-8456-A6BB0918E9A0}"
	ProjectSection(ProjectDependencies) = postProject
		{CD1ABC27-E1F6-470E-B318-935864FE41C1} = {CD1ABC27-E1F6-470E-B318-935864FE41C1}
		{39CB735B-4E4D-4967-BA9A-0F1D167037C4} = {39CB735B-4E4D-4967-BA9A-0F1D167037C4}
		{B56BF486-2BFE-45CD-8F95-3124F4B9B0FD} = {B56BF486-2BFE-45CD-8F95-3124F4B9B0FD}
	EndProjectSection
EndProject
Project("{8BC9CEB8-8B4A-11D0-8D11-00A0C91BC942}") = "FroxDepthSensor", "FroxDepthSensor\FroxDepthSensor.vcxproj", "{39CB735B-4E4D-4967-BA9A-0F1D167037C4}"
	ProjectSection(ProjectDependencies) = postProject
		{CD1ABC27-E1F6-470E-B318-935864FE41C1} = {CD1ABC27-E1F6-470E-B318-935864FE41C1}
	EndProjectSection
EndProject
Project("{8BC9CEB8-8B4A-11D0-8D11-00A0C91BC942}") = "FroxIntelRealSense", "FroxIntelRealSense\FroxIntelRealSense.vcxproj", "{B56BF486-2BFE-45CD-8F95-3124F4B9B0FD}"
	ProjectSection(ProjectDependencies) = postProject
		{39CB735B-4E4D-4967-BA9A-0F1D167037C4} = {39CB735B-4E4D-4967-BA9A-0F1D167037C4}
	EndProjectSection
EndProject
Project("{8BC9CEB8-8B4A-11D0-8D11-00A0C91BC942}") = "FroxAstra", "FroxAstra\FroxAstra.vcxproj", "{2B74120D-E9F4-44A1-B2C1-2A3314A9284D}"
	ProjectSection(ProjectDependencies) = postProject
		{CD1ABC27-E1F6-470E-B318-935864FE41C1} = {CD1ABC27-E1F6-470E-B318-935864FE41C1}
		{39CB735B-4E4D-4967-BA9A-0F1D167037C4} = {39CB735B-4E4D-4967-BA9A-0F1D167037C4}
	EndProjectSection
EndProject
Global
	GlobalSection(SolutionConfigurationPlatforms) = preSolution
		Debug|x64 = Debug|x64
		Debug|x86 = Debug|x86
		Release|x64 = Release|x64
		Release|x86 = Release|x86
	EndGlobalSection
	GlobalSection(ProjectConfigurationPlatforms) = postSolution
		{CD1ABC27-E1F6-470E-B318-935864FE41C1}.Debug|x64.ActiveCfg = Debug|x64
		{CD1ABC27-E1F6-470E-B318-935864FE41C1}.Debug|x64.Build.0 = Debug|x64
		{CD1ABC27-E1F6-470E-B318-935864FE41C1}.Debug|x86.ActiveCfg = Debug|Win32
		{CD1ABC27-E1F6-470E-B318-935864FE41C1}.Debug|x86.Build.0 = Debug|Win32
		{CD1ABC27-E1F6-470E-B318-935864FE41C1}.Release|x64.ActiveCfg = Release|x64
		{CD1ABC27-E1F6-470E-B318-935864FE41C1}.Release|x64.Build.0 = Release|x64
		{CD1ABC27-E1F6-470E-B318-935864FE41C1}.Release|x86.ActiveCfg = Release|Win32
		{CD1ABC27-E1F6-470E-B318-935864FE41C1}.Release|x86.Build.0 = Release|Win32
		{008400E6-CB9C-4B29-8456-A6BB0918E9A0}.Debug|x64.ActiveCfg = Debug|x64
		{008400E6-CB9C-4B29-8456-A6BB0918E9A0}.Debug|x64.Build.0 = Debug|x64
		{008400E6-CB9C-4B29-8456-A6BB0918E9A0}.Debug|x86.ActiveCfg = Debug|Win32
		{008400E6-CB9C-4B29-8456-A6BB0918E9A0}.Debug|x86.Build.0 = Debug|Win32
		{008400E6-CB9C-4B29-8456-A6BB0918E9A0}.Release|x64.ActiveCfg = Release|x64
		{008400E6-CB9C-4B29-8456-A6BB0918E9A0}.Release|x64.Build.0 = Release|x64
		{008400E6-CB9C-4B29-8456-A6BB0918E9A0}.Release|x86.ActiveCfg = Release|Win32
		{008400E6-CB9C-4B29-8456-A6BB0918E9A0}.Release|x86.Build.0 = Release|Win32
		{39CB735B-4E4D-4967-BA9A-0F1D167037C4}.Debug|x64.ActiveCfg = Debug|x64
		{39CB735B-4E4D-4967-BA9A-0F1D167037C4}.Debug|x64.Build.0 = Debug|x64
		{39CB735B-4E4D-4967-BA9A-0F1D167037C4}.Debug|x86.ActiveCfg = Debug|Win32
		{39CB735B-4E4D-4967-BA9A-0F1D167037C4}.Debug|x86.Build.0 = Debug|Win32
		{39CB735B-4E4D-4967-BA9A-0F1D167037C4}.Release|x64.ActiveCfg = Release|x64
		{39CB735B-4E4D-4967-BA9A-0F1D167037C4}.Release|x64.Build.0 = Release|x64
		{39CB735B-4E4D-4967-BA9A-0F1D167037C4}.Release|x86.ActiveCfg = Release|Win32
		{39CB735B-4E4D-4967-BA9A-0F1D167037C4}.Release|x86.Build.0 = Release|Win32
		{B56BF486-2BFE-45CD-8F95-3124F4B9B0FD}.Debug|x64.ActiveCfg = Debug|x64
		{B56BF486-2BFE-45CD-8F95-3124F4B9B0FD}.Debug|x64.Build.0 = Debug|x64
		{B56BF486-2BFE-45CD-8F95-3124F4B9B0FD}.Debug|x86.ActiveCfg = Debug|Win32
		{B56BF486-2BFE-45CD-8F95-3124F4B9B0FD}.Debug|x86.Build.0 = Debug|Win32
		{B56BF486-2BFE-45CD-8F95-3124F4B9B0FD}.Release|x64.ActiveCfg = Release|x64
		{B56BF486-2BFE-45CD-8F95-3124F4B9B0FD}.Release|x64.Build.0 = Release|x64
		{B56BF486-2BFE-45CD-8F95-3124F4B9B0FD}.Release|x86.ActiveCfg = Release|Win32
		{B56BF486-2BFE-45CD-8F95-3124F4B9B0FD}.Release|x86.Build.0 = Release|Win32
		{2B74120D-E9F4-44A1-B2C1-2A3314A9284D}.Debug|x64.ActiveCfg = Debug|x64
		{2B74120D-E9F4-44A1-B2C1-2A3314A9284D}.Debug|x64.Build.0 = Debug|x64
		{2B74120D-E9F4-44A1-B2C1-2A3314A9284D}.Debug|x86.ActiveCfg = Debug|Win32
		{2B74120D-E9F4-44A1-B2C1-2A3314A9284D}.Debug|x86.Build.0 = Debug|Win32
		{2B74120D-E9F4-44A1-B2C1-2A3314A9284D}.Release|x64.ActiveCfg = Release|x64
		{2B74120D-E9F4-44A1-B2C1-2A3314A9284D}.Release|x64.Build.0 = Release|x64
		{2B74120D-E9F4-44A1-B2C1-2A3314A9284D}.Release|x86.ActiveCfg = Release|Win32
		{2B74120D-E9F4-44A1-B2C1-2A3314A9284D}.Release|x86.Build.0 = Release|Win32
	EndGlobalSection
	GlobalSection(SolutionProperties) = preSolution
		HideSolutionNode = FALSE
	EndGlobalSection
	GlobalSection(ExtensibilityGlobals) = postSolution
		SolutionGuid = {990EEF4C-EEED-4AE9-834A-DAF9C69FDAA9}
	EndGlobalSection
EndGlobal
