<?xml version="1.0" encoding="utf-8"?>
<Project ToolsVersion="4.0" xmlns="http://schemas.microsoft.com/developer/msbuild/2003">
  <ItemGroup>
    <Filter Include="Public">
      <UniqueIdentifier>{f450fb5c-56fd-4709-b53c-6d22f5fb5318}</UniqueIdentifier>
    </Filter>
    <Filter Include="Private">
      <UniqueIdentifier>{ee9af22e-7d4e-46e8-a517-394533e84380}</UniqueIdentifier>
    </Filter>
    <Filter Include="Public\Nodes">
      <UniqueIdentifier>{902efc5c-8544-467c-a49a-8c5e7c27c6b9}</UniqueIdentifier>
    </Filter>
    <Filter Include="Private\Utils">
      <UniqueIdentifier>{d2d2de6d-6842-4e81-aac2-589b2210111a}</UniqueIdentifier>
    </Filter>
    <Filter Include="Private\Expressions">
      <UniqueIdentifier>{ed91c9c6-fefe-432d-81c8-53ff85e630d5}</UniqueIdentifier>
    </Filter>
    <Filter Include="Private\Basic">
      <UniqueIdentifier>{a3164571-54c8-43ae-8d63-649bbb7f7f0d}</UniqueIdentifier>
    </Filter>
    <Filter Include="Private\BasicImpl">
      <UniqueIdentifier>{6ada0a9b-414f-488b-a585-7685c37ee127}</UniqueIdentifier>
    </Filter>
    <Filter Include="Private\Base">
      <UniqueIdentifier>{565cadca-428a-4cbf-a332-10edaf5beed7}</UniqueIdentifier>
    </Filter>
  </ItemGroup>
  <ItemGroup>
    <ClInclude Include="Frox.h">
      <Filter>Public</Filter>
    </ClInclude>
    <ClInclude Include="Common.h">
      <Filter>Public</Filter>
    </ClInclude>
    <ClInclude Include="ComputeFlow.h">
      <Filter>Public</Filter>
    </ClInclude>
    <ClInclude Include="ComputeNode.h">
      <Filter>Public</Filter>
    </ClInclude>
    <ClInclude Include="ComputeNodeFactory.h">
      <Filter>Public</Filter>
    </ClInclude>
    <ClInclude Include="ComputeTask.h">
      <Filter>Public</Filter>
    </ClInclude>
    <ClInclude Include="BasicComputeNodes.h">
      <Filter>Public\Nodes</Filter>
    </ClInclude>
    <ClInclude Include="ComputeFrame.h">
      <Filter>Public</Filter>
    </ClInclude>
    <ClInclude Include="Log.h">
      <Filter>Private</Filter>
    </ClInclude>
    <ClInclude Include="Allocator.h">
      <Filter>Private</Filter>
    </ClInclude>
    <ClInclude Include="ComputeFrameImplV1.h">
      <Filter>Private</Filter>
    </ClInclude>
    <ClInclude Include="FroxImpl.h">
      <Filter>Private</Filter>
    </ClInclude>
    <ClInclude Include="ComputeNodeImpl.h">
      <Filter>Private</Filter>
    </ClInclude>
    <ClInclude Include="Runnable.h">
      <Filter>Private</Filter>
    </ClInclude>
    <ClInclude Include="Thread.h">
      <Filter>Private</Filter>
    </ClInclude>
    <ClInclude Include="ComputeThread.h">
      <Filter>Private</Filter>
    </ClInclude>
    <ClInclude Include="ComputeNodePin.h">
      <Filter>Private</Filter>
    </ClInclude>
    <ClInclude Include="AvgComputeNode.h">
      <Filter>Public\Nodes</Filter>
    </ClInclude>
    <ClInclude Include="Utils.h">
      <Filter>Private\Utils</Filter>
    </ClInclude>
    <ClInclude Include="MakeFrameComputeNode.h">
      <Filter>Public\Nodes</Filter>
    </ClInclude>
    <ClInclude Include="Variant.h">
      <Filter>Public</Filter>
    </ClInclude>
    <ClInclude Include="SubFlowComputeNode.h">
      <Filter>Public\Nodes</Filter>
    </ClInclude>
    <ClInclude Include="ConvertToComputeNode.h">
      <Filter>Public\Nodes</Filter>
    </ClInclude>
    <ClInclude Include="CropComputeNode.h">
      <Filter>Public\Nodes</Filter>
    </ClInclude>
    <ClInclude Include="Types.h">
      <Filter>Public</Filter>
    </ClInclude>
    <ClInclude Include="ExpressionInput.h">
      <Filter>Private</Filter>
    </ClInclude>
    <ClInclude Include="FrameSizeExpression.h">
      <Filter>Private\Expressions</Filter>
    </ClInclude>
    <ClInclude Include="Expression.h">
      <Filter>Private</Filter>
    </ClInclude>
    <ClInclude Include="ResizeComputeNode.h">
      <Filter>Public\Nodes</Filter>
    </ClInclude>
    <ClInclude Include="OutputFrameExpression.h">
      <Filter>Private\Expressions</Filter>
    </ClInclude>
    <ClInclude Include="FlowPerformer.h">
      <Filter>Public</Filter>
    </ClInclude>
    <ClInclude Include="BasicComputeFlow.h">
      <Filter>Private\Basic</Filter>
    </ClInclude>
    <ClInclude Include="BasicFlowPerformer.h">
      <Filter>Private\Basic</Filter>
    </ClInclude>
    <ClInclude Include="FlowData.h">
      <Filter>Public</Filter>
    </ClInclude>
    <ClInclude Include="BasicFlowData.h">
      <Filter>Private\Basic</Filter>
    </ClInclude>
    <ClInclude Include="BasicComputeFlowImpl.h">
      <Filter>Private\BasicImpl</Filter>
    </ClInclude>
    <ClInclude Include="BasicFlowPerformerImpl.h">
      <Filter>Private\BasicImpl</Filter>
    </ClInclude>
    <ClInclude Include="ComputeFlowImpl.h">
      <Filter>Private\Base</Filter>
    </ClInclude>
    <ClInclude Include="FlowPerformerImpl.h">
      <Filter>Private\Base</Filter>
    </ClInclude>
    <ClInclude Include="BasicFlowDataImpl.h">
      <Filter>Private\BasicImpl</Filter>
    </ClInclude>
    <ClInclude Include="FlowDataImpl.h">
      <Filter>Private\Base</Filter>
    </ClInclude>
    <ClInclude Include="Guid.h">
      <Filter>Private</Filter>
    </ClInclude>
    <ClInclude Include="Output.h">
      <Filter>Private</Filter>
    </ClInclude>
  </ItemGroup>
  <ItemGroup>
    <ClCompile Include="Frox.cpp">
      <Filter>Public</Filter>
    </ClCompile>
    <ClCompile Include="ComputeFlow.cpp">
      <Filter>Public</Filter>
    </ClCompile>
    <ClCompile Include="ComputeNode.cpp">
      <Filter>Public</Filter>
    </ClCompile>
    <ClCompile Include="ComputeNodeFactory.cpp">
      <Filter>Public</Filter>
    </ClCompile>
    <ClCompile Include="BasicComputeNodes.cpp">
      <Filter>Public\Nodes</Filter>
    </ClCompile>
    <ClCompile Include="ComputeFrame.cpp">
      <Filter>Public</Filter>
    </ClCompile>
    <ClCompile Include="Log.cpp">
      <Filter>Private</Filter>
    </ClCompile>
    <ClCompile Include="ComputeFrameImplV1.cpp">
      <Filter>Private</Filter>
    </ClCompile>
    <ClCompile Include="FroxImpl.cpp">
      <Filter>Private</Filter>
    </ClCompile>
    <ClCompile Include="ComputeNodeImpl.cpp">
      <Filter>Private</Filter>
    </ClCompile>
    <ClCompile Include="Thread.cpp">
      <Filter>Private</Filter>
    </ClCompile>
    <ClCompile Include="ComputeThread.cpp">
      <Filter>Private</Filter>
    </ClCompile>
    <ClCompile Include="ComputeNodePin.cpp">
      <Filter>Private</Filter>
    </ClCompile>
    <ClCompile Include="AvgComputeNode.cpp">
      <Filter>Public\Nodes</Filter>
    </ClCompile>
    <ClCompile Include="MakeFrameComputeNode.cpp">
      <Filter>Public\Nodes</Filter>
    </ClCompile>
    <ClCompile Include="SubFlowComputeNode.cpp">
      <Filter>Public\Nodes</Filter>
    </ClCompile>
    <ClCompile Include="ConvertToComputeNode.cpp">
      <Filter>Public\Nodes</Filter>
    </ClCompile>
    <ClCompile Include="CropComputeNode.cpp">
      <Filter>Public\Nodes</Filter>
    </ClCompile>
    <ClCompile Include="FrameSizeExpression.cpp">
      <Filter>Private\Expressions</Filter>
    </ClCompile>
    <ClCompile Include="Expression.cpp">
      <Filter>Private</Filter>
    </ClCompile>
    <ClCompile Include="ResizeComputeNode.cpp">
      <Filter>Public\Nodes</Filter>
    </ClCompile>
    <ClCompile Include="OutputFrameExpression.cpp">
      <Filter>Private\Expressions</Filter>
    </ClCompile>
    <ClCompile Include="FlowPerformer.cpp">
      <Filter>Public</Filter>
    </ClCompile>
    <ClCompile Include="BasicComputeFlow.cpp">
      <Filter>Private\Basic</Filter>
    </ClCompile>
    <ClCompile Include="BasicFlowPerformer.cpp">
      <Filter>Private\Basic</Filter>
    </ClCompile>
    <ClCompile Include="FlowData.cpp">
      <Filter>Public</Filter>
    </ClCompile>
    <ClCompile Include="BasicFlowData.cpp">
      <Filter>Private\Basic</Filter>
    </ClCompile>
    <ClCompile Include="BasicComputeFlowImpl.cpp">
      <Filter>Private\BasicImpl</Filter>
    </ClCompile>
    <ClCompile Include="BasicFlowPerformerImpl.cpp">
      <Filter>Private\BasicImpl</Filter>
    </ClCompile>
    <ClCompile Include="ComputeFlowImpl.cpp">
      <Filter>Private\Base</Filter>
    </ClCompile>
    <ClCompile Include="FlowPerformerImpl.cpp">
      <Filter>Private\Base</Filter>
    </ClCompile>
    <ClCompile Include="BasicFlowDataImpl.cpp">
      <Filter>Private\BasicImpl</Filter>
    </ClCompile>
    <ClCompile Include="FlowDataImpl.cpp">
      <Filter>Private\Base</Filter>
    </ClCompile>
    <ClCompile Include="Guid.cpp">
      <Filter>Private</Filter>
    </ClCompile>
  </ItemGroup>
</Project>